{
  "name": "iview-admin",
  "version": "2.0.0",
  "lockfileVersion": 1,
  "requires": true,
  "dependencies": {
    "@vue/cli-plugin-babel": {
      "version": "3.6.0",
      "resolved": "http://registry.npm.taobao.org/@vue/cli-plugin-babel/download/@vue/cli-plugin-babel-3.6.0.tgz",
      "integrity": "sha1-eGP8oBUaYKfJr5UXsFN8yaFCDmQ=",
      "dev": true
    },
    "@vue/cli-plugin-eslint": {
      "version": "3.6.0",
      "resolved": "http://registry.npm.taobao.org/@vue/cli-plugin-eslint/download/@vue/cli-plugin-eslint-3.6.0.tgz",
      "integrity": "sha1-g70no8yBZsSazUrcFdkcHcE8nB4=",
      "dev": true
    },
    "@vue/cli-plugin-unit-mocha": {
      "version": "3.6.0",
      "resolved": "http://registry.npm.taobao.org/@vue/cli-plugin-unit-mocha/download/@vue/cli-plugin-unit-mocha-3.6.0.tgz",
      "integrity": "sha1-ApR1aqvjSVbErwa2clPeootwIck=",
      "dev": true
    },
    "@vue/cli-service": {
      "version": "3.6.0",
      "resolved": "http://registry.npm.taobao.org/@vue/cli-service/download/@vue/cli-service-3.6.0.tgz",
      "integrity": "sha1-O3bUIpqb6pAg6gpNDNoDQC7TNOs=",
      "dev": true,
      "dependencies": {
        "acorn": {
          "version": "6.1.1",
          "resolved": "http://registry.npm.taobao.org/acorn/download/acorn-6.1.1.tgz",
          "integrity": "sha1-fSWuBbuK0fm2mRCOEJTs14hK3B8="
        },
        "cliui": {
          "version": "5.0.0",
          "resolved": "http://registry.npm.taobao.org/cliui/download/cliui-5.0.0.tgz",
          "integrity": "sha1-3u/P2y6AB4SqNPRvoI4GhRx7u8U="
        },
        "debug": {
          "version": "4.1.1",
          "resolved": "http://registry.npm.taobao.org/debug/download/debug-4.1.1.tgz",
          "integrity": "sha1-O3ImAlUQnGtYnO4FDx1RYTlmR5E="
        },
        "semver": {
          "version": "6.0.0",
          "resolved": "http://registry.npm.taobao.org/semver/download/semver-6.0.0.tgz",
          "integrity": "sha1-BeNZ7lceWtftZBpu7B5Ue6Ut6mU="
        },
        "string-width": {
          "version": "3.1.0",
          "resolved": "http://registry.npm.taobao.org/string-width/download/string-width-3.1.0.tgz",
          "integrity": "sha1-InZ74htirxCBV0MG9prFG2IgOWE="
        },
        "wrap-ansi": {
          "version": "5.1.0",
          "resolved": "http://registry.npm.taobao.org/wrap-ansi/download/wrap-ansi-5.1.0.tgz",
          "integrity": "sha1-H9H2cjXVttD+54EFYAG/tpTAOwk="
        }
      }
    },
    "@vue/eslint-config-standard": {
      "version": "3.0.5",
      "resolved": "http://registry.npm.taobao.org/@vue/eslint-config-standard/download/@vue/eslint-config-standard-3.0.5.tgz",
      "integrity": "sha1-fWroCerskJk8YDPZVD9I9oe56/E=",
      "dev": true
    },
    "@vue/test-utils": {
      "version": "1.0.0-beta.29",
      "resolved": "http://registry.npm.taobao.org/@vue/test-utils/download/@vue/test-utils-1.0.0-beta.29.tgz",
      "integrity": "sha1-yULPJeiRzwgbagMzK0rh70MHJvA=",
      "dev": true
    },
    "axios": {
      "version": "0.21.1",
      "resolved": "https://registry.npmjs.org/axios/-/axios-0.21.1.tgz",
      "integrity": "sha512-dKQiRHxGD9PPRIUNIWvZhPTPpl1rf/OxTYKsqKUDjBwYylTvV7SjSHJb9ratfyzM6wCdLCOYLzs73qpg5c4iGA==",
      "requires": {
        "follow-redirects": "^1.10.0"
      },
      "dependencies": {
        "follow-redirects": {
          "version": "1.13.1",
          "resolved": "https://registry.npmjs.org/follow-redirects/-/follow-redirects-1.13.1.tgz",
          "integrity": "sha512-SSG5xmZh1mkPGyKzjZP8zLjltIfpW32Y5QpdNJyjcfGxK3qo3NDDkZOZSFiGn1A6SclQxY9GzEwAHQ3dmYRWpg=="
        }
      }
    },
    "chai": {
      "version": "4.2.0",
      "resolved": "http://registry.npm.taobao.org/chai/download/chai-4.2.0.tgz",
      "integrity": "sha1-dgqnLPION5XoSxKHfODoNzeqKeU=",
      "dev": true
    },
    "clipboard": {
      "version": "2.0.4",
      "resolved": "http://registry.npm.taobao.org/clipboard/download/clipboard-2.0.4.tgz",
      "integrity": "sha1-g22v1mzw/qXXHOXVsL9ulYAJES0="
    },
    "codemirror": {
      "version": "5.45.0",
      "resolved": "http://registry.npm.taobao.org/codemirror/download/codemirror-5.45.0.tgz",
      "integrity": "sha1-2167s79EAoxoQFPzlU0BHvzsJ60="
    },
    "countup": {
      "version": "1.8.2",
      "resolved": "http://registry.npm.taobao.org/countup/download/countup-1.8.2.tgz",
      "integrity": "sha1-AhzMam+WRUDGsn7WRoGvJ/tV8BA="
    },
    "cropperjs": {
      "version": "1.5.1",
      "resolved": "http://registry.npm.taobao.org/cropperjs/download/cropperjs-1.5.1.tgz",
      "integrity": "sha1-O/k8bom/RtGMzMJxYM19m5NsrHo="
    },
    "dayjs": {
      "version": "1.8.12",
      "resolved": "http://registry.npm.taobao.org/dayjs/download/dayjs-1.8.12.tgz",
      "integrity": "sha1-+WEPubEVqi/ioH50LBMN9BjO52o="
    },
    "echarts": {
      "version": "4.2.1",
      "resolved": "http://registry.npm.taobao.org/echarts/download/echarts-4.2.1.tgz",
      "integrity": "sha1-mo6jsDNU+G+CTZdiXDNM8Wll7wM="
    },
    "eslint-plugin-cypress": {
      "version": "2.2.1",
      "resolved": "http://registry.npm.taobao.org/eslint-plugin-cypress/download/eslint-plugin-cypress-2.2.1.tgz",
      "integrity": "sha1-FyldjvdphP4FiGx8WDC6IWwflxc=",
      "dev": true
    },
    "html2canvas": {
      "version": "1.0.0-rc.1",
      "resolved": "http://registry.npm.taobao.org/html2canvas/download/html2canvas-1.0.0-rc.1.tgz",
      "integrity": "sha1-QiIi0hMy0FylXYaVTl9BPhf65vs="
    },
    "iview": {
      "version": "3.4.0",
      "resolved": "http://registry.npm.taobao.org/iview/download/iview-3.4.0.tgz",
      "integrity": "sha1-S5af5giQZaWD4JKpLkY81U5+v+k="
    },
    "iview-area": {
      "version": "1.6.0",
      "resolved": "http://registry.npm.taobao.org/iview-area/download/iview-area-1.6.0.tgz",
      "integrity": "sha1-Jx0xizbGar008qZdazhg8tlnp+k="
    },
    "js-cookie": {
      "version": "2.2.0",
      "resolved": "http://registry.npm.taobao.org/js-cookie/download/js-cookie-2.2.0.tgz",
      "integrity": "sha1-Gywnmm7s44ChIWi5JIUmWzWx7/s="
    },
    "less": {
      "version": "2.7.3",
      "resolved": "http://registry.npm.taobao.org/less/download/less-2.7.3.tgz",
      "integrity": "sha1-zBJg9RyQCp7A2R+2mYE54CUHtjs=",
      "dev": true,
      "dependencies": {
        "ajv": {
          "version": "4.11.8",
          "resolved": "http://registry.npm.taobao.org/ajv/download/ajv-4.11.8.tgz",
          "integrity": "sha1-gv+wKynmYq5TvcIK8VlHcGc5xTY="
        },
        "assert-plus": {
          "version": "0.2.0",
          "resolved": "http://registry.npm.taobao.org/assert-plus/download/assert-plus-0.2.0.tgz",
          "integrity": "sha1-104bh+ev/A24qttwIfP+SBAasjQ="
        },
        "aws-sign2": {
          "version": "0.6.0",
          "resolved": "http://registry.npm.taobao.org/aws-sign2/download/aws-sign2-0.6.0.tgz",
          "integrity": "sha1-FDQt0428yU0OW4fXY81jYSwOeU8="
        },
        "form-data": {
          "version": "2.1.4",
          "resolved": "http://registry.npm.taobao.org/form-data/download/form-data-2.1.4.tgz?cache=0&other_urls=http%3A%2F%2Fregistry.npm.taobao.org%2Fform-data%2Fdownload%2Fform-data-2.1.4.tgz",
          "integrity": "sha1-M8GDrPGTJ27KqYFDpp6Uv+4XUNE="
        },
        "har-schema": {
          "version": "1.0.5",
          "resolved": "http://registry.npm.taobao.org/har-schema/download/har-schema-1.0.5.tgz",
          "integrity": "sha1-0mMTX0MwfALGAq/I/pWXDAFRNp4="
        },
        "har-validator": {
          "version": "4.2.1",
          "resolved": "http://registry.npm.taobao.org/har-validator/download/har-validator-4.2.1.tgz",
          "integrity": "sha1-M0gdDxu/9gDdID11gSpqX7oALio="
        },
        "http-signature": {
          "version": "1.1.1",
          "resolved": "http://registry.npm.taobao.org/http-signature/download/http-signature-1.1.1.tgz",
          "integrity": "sha1-33LiZwZs0Kxn+3at+OE0qPvPkb8="
        },
        "mime": {
          "version": "1.6.0",
          "resolved": "http://registry.npm.taobao.org/mime/download/mime-1.6.0.tgz",
          "integrity": "sha1-Ms2eXGRVO9WNGaVor0Uqz/BJgbE="
        },
        "oauth-sign": {
          "version": "0.8.2",
          "resolved": "http://registry.npm.taobao.org/oauth-sign/download/oauth-sign-0.8.2.tgz",
          "integrity": "sha1-Rqarfwrq2N6unsBWV4C31O/rnUM="
        },
        "performance-now": {
          "version": "0.2.0",
          "resolved": "http://registry.npm.taobao.org/performance-now/download/performance-now-0.2.0.tgz",
          "integrity": "sha1-M+8wxcd9TqIcWlOGnZG1bY8lVeU="
        },
        "punycode": {
          "version": "1.4.1",
          "resolved": "http://registry.npm.taobao.org/punycode/download/punycode-1.4.1.tgz",
          "integrity": "sha1-wNWmOycYgArY4esPpSachN1BhF4="
        },
        "qs": {
          "version": "6.4.0",
          "resolved": "http://registry.npm.taobao.org/qs/download/qs-6.4.0.tgz",
          "integrity": "sha1-E+JtKK1rD/qpExLNO/cI7TUecjM="
        },
        "request": {
          "version": "2.81.0",
          "resolved": "http://registry.npm.taobao.org/request/download/request-2.81.0.tgz",
          "integrity": "sha1-xpKJRqDgbF+Nb4qTM0af/aRimKA="
        },
        "tough-cookie": {
          "version": "2.3.4",
          "resolved": "http://registry.npm.taobao.org/tough-cookie/download/tough-cookie-2.3.4.tgz",
          "integrity": "sha1-7GDO44rGdQY//JelwYlwV47oNlU="
        }
      }
    },
    "less-loader": {
      "version": "4.1.0",
      "resolved": "http://registry.npm.taobao.org/less-loader/download/less-loader-4.1.0.tgz",
      "integrity": "sha1-LBNSxbCaT4QQFJAnT9UWdN5BNj4=",
      "dev": true,
      "dependencies": {
        "clone": {
          "version": "2.1.2",
          "resolved": "http://registry.npm.taobao.org/clone/download/clone-2.1.2.tgz",
          "integrity": "sha1-G39Ln1kfHo+DZwQBYANFoCiHQ18="
        },
        "pify": {
          "version": "3.0.0",
          "resolved": "http://registry.npm.taobao.org/pify/download/pify-3.0.0.tgz?cache=0&other_urls=http%3A%2F%2Fregistry.npm.taobao.org%2Fpify%2Fdownload%2Fpify-3.0.0.tgz",
          "integrity": "sha1-5aSs0sEB/fPZpNB/DbxNtJ3SgXY="
        }
      }
    },
    "lint-staged": {
      "version": "6.1.1",
      "resolved": "http://registry.npm.taobao.org/lint-staged/download/lint-staged-6.1.1.tgz",
      "integrity": "sha1-zQjE2bjMwtNxmNHEfOd9Ir5s8yQ=",
      "dev": true,
      "dependencies": {
        "cosmiconfig": {
          "version": "4.0.0",
          "resolved": "http://registry.npm.taobao.org/cosmiconfig/download/cosmiconfig-4.0.0.tgz",
          "integrity": "sha1-dgORVJWAu9LfHlYrwXexPCkJctw="
        },
        "cross-spawn": {
          "version": "5.1.0",
          "resolved": "http://registry.npm.taobao.org/cross-spawn/download/cross-spawn-5.1.0.tgz",
          "integrity": "sha1-6L0O/uWPz/b4+UUQoKVUu/ojVEk="
        },
        "execa": {
          "version": "0.8.0",
          "resolved": "http://registry.npm.taobao.org/execa/download/execa-0.8.0.tgz",
          "integrity": "sha1-2NdrvBtVIX7RkP1t1J08d07PyNo="
        },
        "get-stream": {
          "version": "3.0.0",
          "resolved": "http://registry.npm.taobao.org/get-stream/download/get-stream-3.0.0.tgz",
          "integrity": "sha1-jpQ9E1jcN1VQVOy+LtsFqhdO3hQ="
        },
        "lru-cache": {
          "version": "4.1.5",
          "resolved": "http://registry.npm.taobao.org/lru-cache/download/lru-cache-4.1.5.tgz",
          "integrity": "sha1-i75Q6oW+1ZvJ4z3KuCNe6bz0Q80="
        },
        "p-map": {
          "version": "1.2.0",
          "resolved": "http://registry.npm.taobao.org/p-map/download/p-map-1.2.0.tgz",
          "integrity": "sha1-5OlPMR6rvIYzoeeZCBZfyiYkG2s="
        },
        "pify": {
          "version": "3.0.0",
          "resolved": "http://registry.npm.taobao.org/pify/download/pify-3.0.0.tgz?cache=0&other_urls=http%3A%2F%2Fregistry.npm.taobao.org%2Fpify%2Fdownload%2Fpify-3.0.0.tgz",
          "integrity": "sha1-5aSs0sEB/fPZpNB/DbxNtJ3SgXY="
        },
        "yallist": {
          "version": "2.1.2",
          "resolved": "http://registry.npm.taobao.org/yallist/download/yallist-2.1.2.tgz",
          "integrity": "sha1-HBH5IY8HYImkfdUS+TxmmaaoHVI="
        }
      }
    },
    "mockjs": {
      "version": "1.0.1-beta3",
      "resolved": "http://registry.npm.taobao.org/mockjs/download/mockjs-1.0.1-beta3.tgz",
      "integrity": "sha1-0jTzwnJWOXVk8slVFC6JGQlTcgk=",
      "dev": true
    },
    "simplemde": {
      "version": "1.11.2",
      "resolved": "http://registry.npm.taobao.org/simplemde/download/simplemde-1.11.2.tgz",
      "integrity": "sha1-ojo12XjSxA7wfewAjJLwcNjggOM="
    },
    "sortablejs": {
      "version": "1.8.4",
      "resolved": "http://registry.npm.taobao.org/sortablejs/download/sortablejs-1.8.4.tgz",
      "integrity": "sha1-G7/q+pbTmbg/KOJdjknU+/2GfzA="
    },
    "tree-table-vue": {
      "version": "1.1.0",
      "resolved": "http://registry.npm.taobao.org/tree-table-vue/download/tree-table-vue-1.1.0.tgz",
      "integrity": "sha1-ETpL2dhPqmQ5csS4AoCanbZjDYk="
    },
    "v-org-tree": {
      "version": "1.0.12",
      "resolved": "http://registry.npm.taobao.org/v-org-tree/download/v-org-tree-1.0.12.tgz",
      "integrity": "sha1-Vmsu8dO4jI+tTO4zZaa0v+rjtI0="
    },
    "vue": {
      "version": "2.6.10",
      "resolved": "http://registry.npm.taobao.org/vue/download/vue-2.6.10.tgz?cache=0&other_urls=http%3A%2F%2Fregistry.npm.taobao.org%2Fvue%2Fdownload%2Fvue-2.6.10.tgz",
      "integrity": "sha1-pysaQqTYKnIepDjRtr9V5mGVxjc="
    },
    "vue-i18n": {
      "version": "7.8.1",
      "resolved": "http://registry.npm.taobao.org/vue-i18n/download/vue-i18n-7.8.1.tgz",
      "integrity": "sha1-LOS2795nmh4F3bXZB7/BvCGIA7I="
    },
    "vue-router": {
      "version": "3.0.5",
      "resolved": "http://registry.npm.taobao.org/vue-router/download/vue-router-3.0.5.tgz?cache=0&other_urls=http%3A%2F%2Fregistry.npm.taobao.org%2Fvue-router%2Fdownload%2Fvue-router-3.0.5.tgz",
      "integrity": "sha1-JGNpI8fxpi2jpXfPdaBY+foyhYE="
    },
    "vue-template-compiler": {
      "version": "2.6.10",
      "resolved": "http://registry.npm.taobao.org/vue-template-compiler/download/vue-template-compiler-2.6.10.tgz",
      "integrity": "sha1-MjtPNJXwT6o1AzN6gvXWUHeZycw=",
      "dev": true
    },
    "vuedraggable": {
      "version": "2.20.0",
      "resolved": "http://registry.npm.taobao.org/vuedraggable/download/vuedraggable-2.20.0.tgz",
      "integrity": "sha1-gurB+aMsEW70z1IV/hjfsVKvqd0="
    },
    "vuex": {
      "version": "3.1.0",
      "resolved": "http://registry.npm.taobao.org/vuex/download/vuex-3.1.0.tgz",
      "integrity": "sha1-Y0uBUVzwz+l2vR/+lgF1XlH4Q7k="
    },
    "wangeditor": {
      "version": "3.1.1",
      "resolved": "http://registry.npm.taobao.org/wangeditor/download/wangeditor-3.1.1.tgz",
      "integrity": "sha1-+9PB1JdpI8nt67hbKdMLNVEq0Dk="
    },
    "xlsx": {
      "version": "0.13.5",
      "resolved": "http://registry.npm.taobao.org/xlsx/download/xlsx-0.13.5.tgz",
      "integrity": "sha1-ZYJroZRMb01sAjt+tsiea24Ncbc="
    }
  }
}
